
Microsoft Visual Studio Solution File, Format Version 12.00
# Visual Studio Version 17
VisualStudioVersion = 17.14.36511.14 d17.14
MinimumVisualStudioVersion = 10.0.40219.1
Project("{FAE04EC0-301F-11D3-BF4B-00C04F79EFBC}") = "CompilerProjct", "CompilerProjct\CompilerProjct.csproj", "{604A6470-D837-425D-A86A-FA5A0339E7C3}"
EndProject
Global
	GlobalSection(SolutionConfigurationPlatforms) = preSolution
		Debug|Any CPU = Debug|Any CPU
		Release|Any CPU = Release|Any CPU
	EndGlobalSection
	GlobalSection(ProjectConfigurationPlatforms) = postSolution
		{604A6470-D837-425D-A86A-FA5A0339E7C3}.Debug|Any CPU.ActiveCfg = Debug|Any CPU
		{604A6470-D837-425D-A86A-FA5A0339E7C3}.Debug|Any CPU.Build.0 = Debug|Any CPU
		{604A6470-D837-425D-A86A-FA5A0339E7C3}.Release|Any CPU.ActiveCfg = Release|Any CPU
		{604A6470-D837-425D-A86A-FA5A0339E7C3}.Release|Any CPU.Build.0 = Release|Any CPU
	EndGlobalSection
	GlobalSection(SolutionProperties) = preSolution
		HideSolutionNode = FALSE
	EndGlobalSection
	GlobalSection(ExtensibilityGlobals) = postSolution
		SolutionGuid = {009F7747-94FB-42CF-B4C3-D00F6D0A55C5}
	EndGlobalSection
EndGlobal
